{
    "name": "dm-decimal-differential",
    "lockfileVersion": 3,
    "requires": true,
    "packages": {
        "": {
            "name": "dm-decimal-differential",
            "dependencies": {
                "break_eternity.js": "2.1.3"
            },
            "engines": {
                "node": "22.x"
            }
        },
        "node_modules/break_eternity.js": {
            "version": "2.1.3",
            "resolved": "https://registry.npmjs.org/break_eternity.js/-/break_eternity.js-2.1.3.tgz",
            "integrity": "sha512-4tg4j0wc0lhaYAnOHubN5mAyHbhMfUI7adQLO8l/loKqtylZ/kHWp8WYqG2EC0TinSesKvpCi3XeVFcKRUBJsQ==",
            "license": "MIT"
        }
    }
}
